{
  "name": "BrightLayers",
  "lockfileVersion": 3,
  "requires": true,
  "packages": {
    "": {
      "dependencies": {
        "bright-layers": "file:.."
      }
    },
    "..": {
      "name": "bright-layers",
      "version": "1.0.0",
      "license": "ISC",
      "dependencies": {
        "express": "^4.21.2",
        "nodemailer": "^6.9.16"
      }
    },
    "node_modules/bright-layers": {
      "resolved": "..",
      "link": true
    }
  }
}
